{
  "version": "v1",
  "packages": {
    "@contactly-ui/theme": {
      "signature": "d9937d8a3706f7e0f1d03901d9db9131",
      "file": true
    },
    "@contactly-ui/button": {
      "signature": "75d73cf6312fcc532f317b7db1b392af",
      "file": true
    },
    "@contactly-ui/flex": {
      "signature": "5caf4af9293036ccf5e2e132687cd656",
      "file": true
    },
    "@contactly-ui/card": {
      "signature": "64a97ad71b1565f24692d3cb774b5445",
      "file": true
    },
    "@contactly-ui/avatar": {
      "signature": "8a8e4bf890e4967b186322f60d06b393",
      "file": true
    },
    "@contactly-ui/text": {
      "signature": "e918133a2ca24fc35f207fd439b1dc0b",
      "file": true
    },
    "@contactly-ui/input": {
      "signature": "885e4b8cb93596e105c036bce68d4f02",
      "file": true
    },
    "@contactly-ui/icons": {
      "signature": "82853a40eff8b393c5654a5489ea4fab",
      "file": true
    },
    "@contactly-ui/checkbox": {
      "signature": "b19b6f59fef2307ca3ce4e6c1648e3ed",
      "file": true
    }
  }
}