{
  "version": "v1",
  "packages": {
    "@contactly-ui/theme": {
      "signature": "d9937d8a3706f7e0f1d03901d9db9131",
      "file": true
    },
    "@contactly-ui/button": {
      "signature": "fafa7a3ac87d3702f5332fcf629a0a08",
      "file": true
    },
    "@contactly-ui/flex": {
      "signature": "4808d01f2805486891aeeaa15836f040",
      "file": true
    },
    "@contactly-ui/card": {
      "signature": "64a97ad71b1565f24692d3cb774b5445",
      "file": true
    },
    "@contactly-ui/avatar": {
      "signature": "2ee3258cc7a6ae8ca67fec93c6e59f7d",
      "file": true
    },
    "@contactly-ui/text": {
      "signature": "9600bdbf705619af2a7bc5d17e2589f8",
      "file": true
    },
    "@contactly-ui/input": {
      "signature": "be18a825205f35465e0a9647658e540f",
      "file": true
    },
    "@contactly-ui/icons": {
      "signature": "82853a40eff8b393c5654a5489ea4fab",
      "file": true
    },
    "@contactly-ui/checkbox": {
      "signature": "7127cf73e48092d733b97234e4d1da4f",
      "file": true
    }
  }
}