{
  "version": "v1",
  "packages": {
    "@contactly-ui/theme": {
      "signature": "89602e5a8b0d07932232127781df4a57",
      "file": true
    },
    "@contactly-ui/button": {
      "signature": "0fb0cb75714ae0796c875a7a6e1f73a6",
      "file": true
    },
    "@contactly-ui/flex": {
      "signature": "5a4961ca4946bba824726a1e1e0d4448",
      "file": true
    },
    "@contactly-ui/card": {
      "signature": "f9e024772cb637024a4f3f53ce6288b9",
      "file": true
    },
    "@contactly-ui/avatar": {
      "signature": "34bf0b75ac373b5b0af35cc4d859545f",
      "file": true
    },
    "@contactly-ui/text": {
      "signature": "c8f41f3530fef2192b75e15e6b1464e7",
      "file": true
    },
    "@contactly-ui/input": {
      "signature": "71bf740f76e014afd72ceea943a3fafc",
      "file": true
    },
    "@contactly-ui/icons": {
      "signature": "82853a40eff8b393c5654a5489ea4fab",
      "file": true
    },
    "@contactly-ui/checkbox": {
      "signature": "b19b6f59fef2307ca3ce4e6c1648e3ed",
      "file": true
    }
  }
}